// !$*UTF8*$!
{
	archiveVersion = 1;
	classes = {
	};
	objectVersion = 48;
	objects = {

/* Begin PBXBuildFile section */
		2475E28BE43743071E748308 /* Sample.swift in Sources */ = {isa = PBXBuildFile; fileRef = 2475E38E726EC3D670B210AF /* Sample.swift */; };
		62D11D8B1F7F56EC00739528 /* AppDelegate.swift in Sources */ = {isa = PBXBuildFile; fileRef = 62D11D8A1F7F56EC00739528 /* AppDelegate.swift */; };
		62D11D8D1F7F56EC00739528 /* ViewController.swift in Sources */ = {isa = PBXBuildFile; fileRef = 62D11D8C1F7F56EC00739528 /* ViewController.swift */; };
		62D11D901F7F56EC00739528 /* Main.storyboard in Resources */ = {isa = PBXBuildFile; fileRef = 62D11D8E1F7F56EC00739528 /* Main.storyboard */; };
		62D11D921F7F56EC00739528 /* Assets.xcassets in Resources */ = {isa = PBXBuildFile; fileRef = 62D11D911F7F56EC00739528 /* Assets.xcassets */; };
		62D11D951F7F56EC00739528 /* LaunchScreen.storyboard in Resources */ = {isa = PBXBuildFile; fileRef = 62D11D931F7F56EC00739528 /* LaunchScreen.storyboard */; };
		62D11DA01F7F56EC00739528 /* ExampleXCTestTests.swift in Sources */ = {isa = PBXBuildFile; fileRef = 62D11D9F1F7F56EC00739528 /* ExampleXCTestTests.swift */; };
		62D11DAD1F7F580E00739528 /* ExampleQuickTests.swift in Sources */ = {isa = PBXBuildFile; fileRef = 62D11DAC1F7F580E00739528 /* ExampleQuickTests.swift */; };
		62D11DB61F7F614E00739528 /* Nimble.framework in Frameworks */ = {isa = PBXBuildFile; fileRef = 62D11DB01F7F601E00739528 /* Nimble.framework */; };
		62D11DB71F7F614E00739528 /* Quick.framework in Frameworks */ = {isa = PBXBuildFile; fileRef = 62D11DB11F7F601E00739528 /* Quick.framework */; };
/* End PBXBuildFile section */

/* Begin PBXContainerItemProxy section */
		62D11D9C1F7F56EC00739528 /* PBXContainerItemProxy */ = {
			isa = PBXContainerItemProxy;
			containerPortal = 62D11D7F1F7F56EC00739528 /* Project object */;
			proxyType = 1;
			remoteGlobalIDString = 62D11D861F7F56EC00739528;
			remoteInfo = TDDBCSwift;
		};
/* End PBXContainerItemProxy section */

/* Begin PBXFileReference section */
		2475E38E726EC3D670B210AF /* Sample.swift */ = {isa = PBXFileReference; fileEncoding = 4; lastKnownFileType = sourcecode.swift; path = Sample.swift; sourceTree = "<group>"; };
		2475E6F4B3FB21F558A71895 /* Cartfile.private */ = {isa = PBXFileReference; lastKnownFileType = file.private; path = Cartfile.private; sourceTree = "<group>"; };
		2475EAC2FE8BE30709BB9C3D /* Cartfile.resolved */ = {isa = PBXFileReference; lastKnownFileType = file.resolved; path = Cartfile.resolved; sourceTree = "<group>"; };
		2475EB12A3CB11BCC92EB7A3 /* README.md */ = {isa = PBXFileReference; fileEncoding = 4; lastKnownFileType = net.daringfireball.markdown; path = README.md; sourceTree = "<group>"; };
		2475EF0900E7AE011CC38D2E /* LICENSE */ = {isa = PBXFileReference; fileEncoding = 1; lastKnownFileType = text; path = LICENSE; sourceTree = "<group>"; };
		62D11D871F7F56EC00739528 /* TDDBCSwift.app */ = {isa = PBXFileReference; explicitFileType = wrapper.application; includeInIndex = 0; path = TDDBCSwift.app; sourceTree = BUILT_PRODUCTS_DIR; };
		62D11D8A1F7F56EC00739528 /* AppDelegate.swift */ = {isa = PBXFileReference; lastKnownFileType = sourcecode.swift; path = AppDelegate.swift; sourceTree = "<group>"; };
		62D11D8C1F7F56EC00739528 /* ViewController.swift */ = {isa = PBXFileReference; lastKnownFileType = sourcecode.swift; path = ViewController.swift; sourceTree = "<group>"; };
		62D11D8F1F7F56EC00739528 /* Base */ = {isa = PBXFileReference; lastKnownFileType = file.storyboard; name = Base; path = Base.lproj/Main.storyboard; sourceTree = "<group>"; };
		62D11D911F7F56EC00739528 /* Assets.xcassets */ = {isa = PBXFileReference; lastKnownFileType = folder.assetcatalog; path = Assets.xcassets; sourceTree = "<group>"; };
		62D11D941F7F56EC00739528 /* Base */ = {isa = PBXFileReference; lastKnownFileType = file.storyboard; name = Base; path = Base.lproj/LaunchScreen.storyboard; sourceTree = "<group>"; };
		62D11D961F7F56EC00739528 /* Info.plist */ = {isa = PBXFileReference; lastKnownFileType = text.plist.xml; path = Info.plist; sourceTree = "<group>"; };
		62D11D9B1F7F56EC00739528 /* TDDBCSwiftTests.xctest */ = {isa = PBXFileReference; explicitFileType = wrapper.cfbundle; includeInIndex = 0; path = TDDBCSwiftTests.xctest; sourceTree = BUILT_PRODUCTS_DIR; };
		62D11D9F1F7F56EC00739528 /* ExampleXCTestTests.swift */ = {isa = PBXFileReference; lastKnownFileType = sourcecode.swift; path = ExampleXCTestTests.swift; sourceTree = "<group>"; };
		62D11DA11F7F56EC00739528 /* Info.plist */ = {isa = PBXFileReference; lastKnownFileType = text.plist.xml; path = Info.plist; sourceTree = "<group>"; };
		62D11DAC1F7F580E00739528 /* ExampleQuickTests.swift */ = {isa = PBXFileReference; lastKnownFileType = sourcecode.swift; path = ExampleQuickTests.swift; sourceTree = "<group>"; };
		62D11DB01F7F601E00739528 /* Nimble.framework */ = {isa = PBXFileReference; lastKnownFileType = wrapper.framework; name = Nimble.framework; path = Carthage/Build/iOS/Nimble.framework; sourceTree = "<group>"; };
		62D11DB11F7F601E00739528 /* Quick.framework */ = {isa = PBXFileReference; lastKnownFileType = wrapper.framework; name = Quick.framework; path = Carthage/Build/iOS/Quick.framework; sourceTree = "<group>"; };
/* End PBXFileReference section */

/* Begin PBXFrameworksBuildPhase section */
		62D11D841F7F56EC00739528 /* Frameworks */ = {
			isa = PBXFrameworksBuildPhase;
			buildActionMask = 2147483647;
			files = (
			);
			runOnlyForDeploymentPostprocessing = 0;
		};
		62D11D981F7F56EC00739528 /* Frameworks */ = {
			isa = PBXFrameworksBuildPhase;
			buildActionMask = 2147483647;
			files = (
				62D11DB61F7F614E00739528 /* Nimble.framework in Frameworks */,
				62D11DB71F7F614E00739528 /* Quick.framework in Frameworks */,
			);
			runOnlyForDeploymentPostprocessing = 0;
		};
/* End PBXFrameworksBuildPhase section */

/* Begin PBXGroup section */
		62D11D7E1F7F56EC00739528 = {
			isa = PBXGroup;
			children = (
				62D11DAF1F7F601E00739528 /* Frameworks */,
				62D11D881F7F56EC00739528 /* Products */,
				62D11D891F7F56EC00739528 /* TDDBCSwift */,
				62D11D9E1F7F56EC00739528 /* TDDBCSwiftTests */,
				2475E6F4B3FB21F558A71895 /* Cartfile.private */,
				2475EAC2FE8BE30709BB9C3D /* Cartfile.resolved */,
				2475EF0900E7AE011CC38D2E /* LICENSE */,
				2475EB12A3CB11BCC92EB7A3 /* README.md */,
			);
			sourceTree = "<group>";
		};
		62D11D881F7F56EC00739528 /* Products */ = {
			isa = PBXGroup;
			children = (
				62D11D871F7F56EC00739528 /* TDDBCSwift.app */,
				62D11D9B1F7F56EC00739528 /* TDDBCSwiftTests.xctest */,
			);
			name = Products;
			sourceTree = "<group>";
		};
		62D11D891F7F56EC00739528 /* TDDBCSwift */ = {
			isa = PBXGroup;
			children = (
				62D11D8A1F7F56EC00739528 /* AppDelegate.swift */,
				62D11D911F7F56EC00739528 /* Assets.xcassets */,
				62D11D961F7F56EC00739528 /* Info.plist */,
				62D11D931F7F56EC00739528 /* LaunchScreen.storyboard */,
				62D11D8E1F7F56EC00739528 /* Main.storyboard */,
				2475E38E726EC3D670B210AF /* Sample.swift */,
				62D11D8C1F7F56EC00739528 /* ViewController.swift */,
			);
			path = TDDBCSwift;
			sourceTree = "<group>";
		};
		62D11D9E1F7F56EC00739528 /* TDDBCSwiftTests */ = {
			isa = PBXGroup;
			children = (
				62D11DAA1F7F578D00739528 /* Quick */,
				62D11DAB1F7F579E00739528 /* XCTest */,
				62D11DA11F7F56EC00739528 /* Info.plist */,
			);
			path = TDDBCSwiftTests;
			sourceTree = "<group>";
		};
		62D11DAA1F7F578D00739528 /* Quick */ = {
			isa = PBXGroup;
			children = (
				62D11DAC1F7F580E00739528 /* ExampleQuickTests.swift */,
			);
			path = Quick;
			sourceTree = "<group>";
		};
		62D11DAB1F7F579E00739528 /* XCTest */ = {
			isa = PBXGroup;
			children = (
				62D11D9F1F7F56EC00739528 /* ExampleXCTestTests.swift */,
			);
			path = XCTest;
			sourceTree = "<group>";
		};
		62D11DAF1F7F601E00739528 /* Frameworks */ = {
			isa = PBXGroup;
			children = (
				62D11DB01F7F601E00739528 /* Nimble.framework */,
				62D11DB11F7F601E00739528 /* Quick.framework */,
			);
			name = Frameworks;
			sourceTree = "<group>";
		};
/* End PBXGroup section */

/* Begin PBXNativeTarget section */
		62D11D861F7F56EC00739528 /* TDDBCSwift */ = {
			isa = PBXNativeTarget;
			buildConfigurationList = 62D11DA41F7F56EC00739528 /* Build configuration list for PBXNativeTarget "TDDBCSwift" */;
			buildPhases = (
				62D11DAE1F7F5D0100739528 /* ShellScript */,
				62D11D831F7F56EC00739528 /* Sources */,
				62D11D841F7F56EC00739528 /* Frameworks */,
				62D11D851F7F56EC00739528 /* Resources */,
			);
			buildRules = (
			);
			dependencies = (
			);
			name = TDDBCSwift;
			productName = TDDBCSwift;
			productReference = 62D11D871F7F56EC00739528 /* TDDBCSwift.app */;
			productType = "com.apple.product-type.application";
		};
		62D11D9A1F7F56EC00739528 /* TDDBCSwiftTests */ = {
			isa = PBXNativeTarget;
			buildConfigurationList = 62D11DA71F7F56EC00739528 /* Build configuration list for PBXNativeTarget "TDDBCSwiftTests" */;
			buildPhases = (
				62D11D971F7F56EC00739528 /* Sources */,
				62D11D981F7F56EC00739528 /* Frameworks */,
				62D11D991F7F56EC00739528 /* Resources */,
			);
			buildRules = (
			);
			dependencies = (
				62D11D9D1F7F56EC00739528 /* PBXTargetDependency */,
			);
			name = TDDBCSwiftTests;
			productName = TDDBCSwiftTests;
			productReference = 62D11D9B1F7F56EC00739528 /* TDDBCSwiftTests.xctest */;
			productType = "com.apple.product-type.bundle.unit-test";
		};
/* End PBXNativeTarget section */

/* Begin PBXProject section */
		62D11D7F1F7F56EC00739528 /* Project object */ = {
			isa = PBXProject;
			attributes = {
				LastSwiftUpdateCheck = 0900;
				LastUpgradeCheck = 0900;
				ORGANIZATIONNAME = tddbc;
				TargetAttributes = {
					62D11D861F7F56EC00739528 = {
						CreatedOnToolsVersion = 9.0;
						ProvisioningStyle = Automatic;
					};
					62D11D9A1F7F56EC00739528 = {
						CreatedOnToolsVersion = 9.0;
						ProvisioningStyle = Automatic;
						TestTargetID = 62D11D861F7F56EC00739528;
					};
				};
			};
			buildConfigurationList = 62D11D821F7F56EC00739528 /* Build configuration list for PBXProject "TDDBCSwift" */;
			compatibilityVersion = "Xcode 8.0";
			developmentRegion = en;
			hasScannedForEncodings = 0;
			knownRegions = (
				en,
				Base,
			);
			mainGroup = 62D11D7E1F7F56EC00739528;
			productRefGroup = 62D11D881F7F56EC00739528 /* Products */;
			projectDirPath = "";
			projectRoot = "";
			targets = (
				62D11D861F7F56EC00739528 /* TDDBCSwift */,
				62D11D9A1F7F56EC00739528 /* TDDBCSwiftTests */,
			);
		};
/* End PBXProject section */

/* Begin PBXResourcesBuildPhase section */
		62D11D851F7F56EC00739528 /* Resources */ = {
			isa = PBXResourcesBuildPhase;
			buildActionMask = 2147483647;
			files = (
				62D11D951F7F56EC00739528 /* LaunchScreen.storyboard in Resources */,
				62D11D921F7F56EC00739528 /* Assets.xcassets in Resources */,
				62D11D901F7F56EC00739528 /* Main.storyboard in Resources */,
			);
			runOnlyForDeploymentPostprocessing = 0;
		};
		62D11D991F7F56EC00739528 /* Resources */ = {
			isa = PBXResourcesBuildPhase;
			buildActionMask = 2147483647;
			files = (
			);
			runOnlyForDeploymentPostprocessing = 0;
		};
/* End PBXResourcesBuildPhase section */

/* Begin PBXShellScriptBuildPhase section */
		62D11DAE1F7F5D0100739528 /* ShellScript */ = {
			isa = PBXShellScriptBuildPhase;
			buildActionMask = 2147483647;
			files = (
			);
			inputPaths = (
				"$(SRCROOT)/Carthage/Build/iOS/Quick.framework",
				"$(SRCROOT)/Carthage/Build/iOS/Nimble.framework",
			);
			outputPaths = (
				"$(DERIVED_FILE_DIR)/$(FRAMEWORK_FOLDER_PATH)/Quick.framework",
				"$(DERIVED_FILE_DIR)/$(FRAMEWORK_FOLDER_PATH)/Nimble.framework",
			);
			runOnlyForDeploymentPostprocessing = 0;
			shellPath = /bin/sh;
			shellScript = "/usr/local/bin/carthage copy-frameworks";
		};
/* End PBXShellScriptBuildPhase section */

/* Begin PBXSourcesBuildPhase section */
		62D11D831F7F56EC00739528 /* Sources */ = {
			isa = PBXSourcesBuildPhase;
			buildActionMask = 2147483647;
			files = (
				62D11D8D1F7F56EC00739528 /* ViewController.swift in Sources */,
				62D11D8B1F7F56EC00739528 /* AppDelegate.swift in Sources */,
				2475E28BE43743071E748308 /* Sample.swift in Sources */,
			);
			runOnlyForDeploymentPostprocessing = 0;
		};
		62D11D971F7F56EC00739528 /* Sources */ = {
			isa = PBXSourcesBuildPhase;
			buildActionMask = 2147483647;
			files = (
				62D11DAD1F7F580E00739528 /* ExampleQuickTests.swift in Sources */,
				62D11DA01F7F56EC00739528 /* ExampleXCTestTests.swift in Sources */,
			);
			runOnlyForDeploymentPostprocessing = 0;
		};
/* End PBXSourcesBuildPhase section */

/* Begin PBXTargetDependency section */
		62D11D9D1F7F56EC00739528 /* PBXTargetDependency */ = {
			isa = PBXTargetDependency;
			target = 62D11D861F7F56EC00739528 /* TDDBCSwift */;
			targetProxy = 62D11D9C1F7F56EC00739528 /* PBXContainerItemProxy */;
		};
/* End PBXTargetDependency section */

/* Begin PBXVariantGroup section */
		62D11D8E1F7F56EC00739528 /* Main.storyboard */ = {
			isa = PBXVariantGroup;
			children = (
				62D11D8F1F7F56EC00739528 /* Base */,
			);
			name = Main.storyboard;
			path = .;
			sourceTree = "<group>";
		};
		62D11D931F7F56EC00739528 /* LaunchScreen.storyboard */ = {
			isa = PBXVariantGroup;
			children = (
				62D11D941F7F56EC00739528 /* Base */,
			);
			name = LaunchScreen.storyboard;
			path = .;
			sourceTree = "<group>";
		};
/* End PBXVariantGroup section */

/* Begin XCBuildConfiguration section */
		62D11DA21F7F56EC00739528 /* Debug */ = {
			isa = XCBuildConfiguration;
			buildSettings = {
				ALWAYS_SEARCH_USER_PATHS = NO;
				CLANG_ANALYZER_NONNULL = YES;
				CLANG_ANALYZER_NUMBER_OBJECT_CONVERSION = YES_AGGRESSIVE;
				CLANG_CXX_LANGUAGE_STANDARD = "gnu++14";
				CLANG_CXX_LIBRARY = "libc++";
				CLANG_ENABLE_MODULES = YES;
				CLANG_ENABLE_OBJC_ARC = YES;
				CLANG_WARN_BLOCK_CAPTURE_AUTORELEASING = YES;
				CLANG_WARN_BOOL_CONVERSION = YES;
				CLANG_WARN_COMMA = YES;
				CLANG_WARN_CONSTANT_CONVERSION = YES;
				CLANG_WARN_DIRECT_OBJC_ISA_USAGE = YES_ERROR;
				CLANG_WARN_DOCUMENTATION_COMMENTS = YES;
				CLANG_WARN_EMPTY_BODY = YES;
				CLANG_WARN_ENUM_CONVERSION = YES;
				CLANG_WARN_INFINITE_RECURSION = YES;
				CLANG_WARN_INT_CONVERSION = YES;
				CLANG_WARN_NON_LITERAL_NULL_CONVERSION = YES;
				CLANG_WARN_OBJC_LITERAL_CONVERSION = YES;
				CLANG_WARN_OBJC_ROOT_CLASS = YES_ERROR;
				CLANG_WARN_RANGE_LOOP_ANALYSIS = YES;
				CLANG_WARN_STRICT_PROTOTYPES = YES;
				CLANG_WARN_SUSPICIOUS_MOVE = YES;
				CLANG_WARN_UNGUARDED_AVAILABILITY = YES_AGGRESSIVE;
				CLANG_WARN_UNREACHABLE_CODE = YES;
				CLANG_WARN__DUPLICATE_METHOD_MATCH = YES;
				CODE_SIGN_IDENTITY = "iPhone Developer";
				COPY_PHASE_STRIP = NO;
				DEBUG_INFORMATION_FORMAT = dwarf;
				ENABLE_STRICT_OBJC_MSGSEND = YES;
				ENABLE_TESTABILITY = YES;
				GCC_C_LANGUAGE_STANDARD = gnu11;
				GCC_DYNAMIC_NO_PIC = NO;
				GCC_NO_COMMON_BLOCKS = YES;
				GCC_OPTIMIZATION_LEVEL = 0;
				GCC_PREPROCESSOR_DEFINITIONS = (
					"DEBUG=1",
					"$(inherited)",
				);
				GCC_WARN_64_TO_32_BIT_CONVERSION = YES;
				GCC_WARN_ABOUT_RETURN_TYPE = YES_ERROR;
				GCC_WARN_UNDECLARED_SELECTOR = YES;
				GCC_WARN_UNINITIALIZED_AUTOS = YES_AGGRESSIVE;
				GCC_WARN_UNUSED_FUNCTION = YES;
				GCC_WARN_UNUSED_VARIABLE = YES;
				IPHONEOS_DEPLOYMENT_TARGET = 11.0;
				MTL_ENABLE_DEBUG_INFO = YES;
				ONLY_ACTIVE_ARCH = YES;
				SDKROOT = iphoneos;
				SWIFT_ACTIVE_COMPILATION_CONDITIONS = DEBUG;
				SWIFT_OPTIMIZATION_LEVEL = "-Onone";
			};
			name = Debug;
		};
		62D11DA31F7F56EC00739528 /* Release */ = {
			isa = XCBuildConfiguration;
			buildSettings = {
				ALWAYS_SEARCH_USER_PATHS = NO;
				CLANG_ANALYZER_NONNULL = YES;
				CLANG_ANALYZER_NUMBER_OBJECT_CONVERSION = YES_AGGRESSIVE;
				CLANG_CXX_LANGUAGE_STANDARD = "gnu++14";
				CLANG_CXX_LIBRARY = "libc++";
				CLANG_ENABLE_MODULES = YES;
				CLANG_ENABLE_OBJC_ARC = YES;
				CLANG_WARN_BLOCK_CAPTURE_AUTORELEASING = YES;
				CLANG_WARN_BOOL_CONVERSION = YES;
				CLANG_WARN_COMMA = YES;
				CLANG_WARN_CONSTANT_CONVERSION = YES;
				CLANG_WARN_DIRECT_OBJC_ISA_USAGE = YES_ERROR;
				CLANG_WARN_DOCUMENTATION_COMMENTS = YES;
				CLANG_WARN_EMPTY_BODY = YES;
				CLANG_WARN_ENUM_CONVERSION = YES;
				CLANG_WARN_INFINITE_RECURSION = YES;
				CLANG_WARN_INT_CONVERSION = YES;
				CLANG_WARN_NON_LITERAL_NULL_CONVERSION = YES;
				CLANG_WARN_OBJC_LITERAL_CONVERSION = YES;
				CLANG_WARN_OBJC_ROOT_CLASS = YES_ERROR;
				CLANG_WARN_RANGE_LOOP_ANALYSIS = YES;
				CLANG_WARN_STRICT_PROTOTYPES = YES;
				CLANG_WARN_SUSPICIOUS_MOVE = YES;
				CLANG_WARN_UNGUARDED_AVAILABILITY = YES_AGGRESSIVE;
				CLANG_WARN_UNREACHABLE_CODE = YES;
				CLANG_WARN__DUPLICATE_METHOD_MATCH = YES;
				CODE_SIGN_IDENTITY = "iPhone Developer";
				COPY_PHASE_STRIP = NO;
				DEBUG_INFORMATION_FORMAT = "dwarf-with-dsym";
				ENABLE_NS_ASSERTIONS = NO;
				ENABLE_STRICT_OBJC_MSGSEND = YES;
				GCC_C_LANGUAGE_STANDARD = gnu11;
				GCC_NO_COMMON_BLOCKS = YES;
				GCC_WARN_64_TO_32_BIT_CONVERSION = YES;
				GCC_WARN_ABOUT_RETURN_TYPE = YES_ERROR;
				GCC_WARN_UNDECLARED_SELECTOR = YES;
				GCC_WARN_UNINITIALIZED_AUTOS = YES_AGGRESSIVE;
				GCC_WARN_UNUSED_FUNCTION = YES;
				GCC_WARN_UNUSED_VARIABLE = YES;
				IPHONEOS_DEPLOYMENT_TARGET = 11.0;
				MTL_ENABLE_DEBUG_INFO = NO;
				SDKROOT = iphoneos;
				SWIFT_OPTIMIZATION_LEVEL = "-Owholemodule";
				VALIDATE_PRODUCT = YES;
			};
			name = Release;
		};
		62D11DA51F7F56EC00739528 /* Debug */ = {
			isa = XCBuildConfiguration;
			buildSettings = {
				ASSETCATALOG_COMPILER_APPICON_NAME = AppIcon;
				CODE_SIGN_STYLE = Automatic;
				FRAMEWORK_SEARCH_PATHS = (
					"$(inherited)",
					"$(PROJECT_DIR)/Carthage/Build/iOS",
				);
				INFOPLIST_FILE = TDDBCSwift/Info.plist;
				LD_RUNPATH_SEARCH_PATHS = "$(inherited) @executable_path/Frameworks";
				PRODUCT_BUNDLE_IDENTIFIER = jp.devtesting.tddbc.TDDBCSwift;
				PRODUCT_NAME = "$(TARGET_NAME)";
				SWIFT_VERSION = 4.0;
				TARGETED_DEVICE_FAMILY = "1,2";
			};
			name = Debug;
		};
		62D11DA61F7F56EC00739528 /* Release */ = {
			isa = XCBuildConfiguration;
			buildSettings = {
				ASSETCATALOG_COMPILER_APPICON_NAME = AppIcon;
				CODE_SIGN_STYLE = Automatic;
				FRAMEWORK_SEARCH_PATHS = (
					"$(inherited)",
					"$(PROJECT_DIR)/Carthage/Build/iOS",
				);
				INFOPLIST_FILE = TDDBCSwift/Info.plist;
				LD_RUNPATH_SEARCH_PATHS = "$(inherited) @executable_path/Frameworks";
				PRODUCT_BUNDLE_IDENTIFIER = jp.devtesting.tddbc.TDDBCSwift;
				PRODUCT_NAME = "$(TARGET_NAME)";
				SWIFT_VERSION = 4.0;
				TARGETED_DEVICE_FAMILY = "1,2";
			};
			name = Release;
		};
		62D11DA81F7F56EC00739528 /* Debug */ = {
			isa = XCBuildConfiguration;
			buildSettings = {
				ALWAYS_EMBED_SWIFT_STANDARD_LIBRARIES = YES;
				BUNDLE_LOADER = "$(TEST_HOST)";
				CODE_SIGN_STYLE = Automatic;
				FRAMEWORK_SEARCH_PATHS = (
					"$(inherited)",
					"$(PROJECT_DIR)/Carthage/Build/iOS",
				);
				INFOPLIST_FILE = TDDBCSwiftTests/Info.plist;
				LD_RUNPATH_SEARCH_PATHS = "$(inherited) @executable_path/Frameworks @loader_path/Frameworks";
				PRODUCT_BUNDLE_IDENTIFIER = jp.devtesting.tddbc.TDDBCSwiftTests;
				PRODUCT_NAME = "$(TARGET_NAME)";
				SWIFT_VERSION = 4.0;
				TARGETED_DEVICE_FAMILY = "1,2";
				TEST_HOST = "$(BUILT_PRODUCTS_DIR)/TDDBCSwift.app/TDDBCSwift";
			};
			name = Debug;
		};
		62D11DA91F7F56EC00739528 /* Release */ = {
			isa = XCBuildConfiguration;
			buildSettings = {
				ALWAYS_EMBED_SWIFT_STANDARD_LIBRARIES = YES;
				BUNDLE_LOADER = "$(TEST_HOST)";
				CODE_SIGN_STYLE = Automatic;
				FRAMEWORK_SEARCH_PATHS = (
					"$(inherited)",
					"$(PROJECT_DIR)/Carthage/Build/iOS",
				);
				INFOPLIST_FILE = TDDBCSwiftTests/Info.plist;
				LD_RUNPATH_SEARCH_PATHS = "$(inherited) @executable_path/Frameworks @loader_path/Frameworks";
				PRODUCT_BUNDLE_IDENTIFIER = jp.devtesting.tddbc.TDDBCSwiftTests;
				PRODUCT_NAME = "$(TARGET_NAME)";
				SWIFT_VERSION = 4.0;
				TARGETED_DEVICE_FAMILY = "1,2";
				TEST_HOST = "$(BUILT_PRODUCTS_DIR)/TDDBCSwift.app/TDDBCSwift";
			};
			name = Release;
		};
/* End XCBuildConfiguration section */

/* Begin XCConfigurationList section */
		62D11D821F7F56EC00739528 /* Build configuration list for PBXProject "TDDBCSwift" */ = {
			isa = XCConfigurationList;
			buildConfigurations = (
				62D11DA21F7F56EC00739528 /* Debug */,
				62D11DA31F7F56EC00739528 /* Release */,
			);
			defaultConfigurationIsVisible = 0;
			defaultConfigurationName = Release;
		};
		62D11DA41F7F56EC00739528 /* Build configuration list for PBXNativeTarget "TDDBCSwift" */ = {
			isa = XCConfigurationList;
			buildConfigurations = (
				62D11DA51F7F56EC00739528 /* Debug */,
				62D11DA61F7F56EC00739528 /* Release */,
			);
			defaultConfigurationIsVisible = 0;
			defaultConfigurationName = Release;
		};
		62D11DA71F7F56EC00739528 /* Build configuration list for PBXNativeTarget "TDDBCSwiftTests" */ = {
			isa = XCConfigurationList;
			buildConfigurations = (
				62D11DA81F7F56EC00739528 /* Debug */,
				62D11DA91F7F56EC00739528 /* Release */,
			);
			defaultConfigurationIsVisible = 0;
			defaultConfigurationName = Release;
		};
/* End XCConfigurationList section */
	};
	rootObject = 62D11D7F1F7F56EC00739528 /* Project object */;
}
